// !$*UTF8*$!
{
	archiveVersion = 1;
	classes = {
	};
	objectVersion = 46;
	objects = {

/* Begin PBXBuildFile section */
		C41395541A0DB62400E46095 /* main.m in Sources */ = {isa = PBXBuildFile; fileRef = C41395531A0DB62400E46095 /* main.m */; };
		C41395571A0DB62400E46095 /* AppDelegate.m in Sources */ = {isa = PBXBuildFile; fileRef = C41395561A0DB62400E46095 /* AppDelegate.m */; };
		C413955A1A0DB62400E46095 /* FirstViewController.m in Sources */ = {isa = PBXBuildFile; fileRef = C41395591A0DB62400E46095 /* FirstViewController.m */; };
		C41395601A0DB62400E46095 /* Main.storyboard in Resources */ = {isa = PBXBuildFile; fileRef = C413955E1A0DB62400E46095 /* Main.storyboard */; };
		C41395621A0DB62400E46095 /* Images.xcassets in Resources */ = {isa = PBXBuildFile; fileRef = C41395611A0DB62400E46095 /* Images.xcassets */; };
		C41395651A0DB62400E46095 /* LaunchScreen.xib in Resources */ = {isa = PBXBuildFile; fileRef = C41395631A0DB62400E46095 /* LaunchScreen.xib */; };
		C41395711A0DB62400E46095 /* UW_HW6_mefifeTests.m in Sources */ = {isa = PBXBuildFile; fileRef = C41395701A0DB62400E46095 /* UW_HW6_mefifeTests.m */; };
		C455CD281A0FEF2100DDBDF1 /* MEFTableViewController.m in Sources */ = {isa = PBXBuildFile; fileRef = C455CD271A0FEF2100DDBDF1 /* MEFTableViewController.m */; };
		C455CD2B1A101A0D00DDBDF1 /* MEFCollectionView.m in Sources */ = {isa = PBXBuildFile; fileRef = C455CD2A1A101A0D00DDBDF1 /* MEFCollectionView.m */; };
/* End PBXBuildFile section */

/* Begin PBXContainerItemProxy section */
		C413956B1A0DB62400E46095 /* PBXContainerItemProxy */ = {
			isa = PBXContainerItemProxy;
			containerPortal = C41395461A0DB62400E46095 /* Project object */;
			proxyType = 1;
			remoteGlobalIDString = C413954D1A0DB62400E46095;
			remoteInfo = UW_HW6_mefife;
		};
/* End PBXContainerItemProxy section */

/* Begin PBXFileReference section */
		C413954E1A0DB62400E46095 /* UW_HW6_mefife.app */ = {isa = PBXFileReference; explicitFileType = wrapper.application; includeInIndex = 0; path = UW_HW6_mefife.app; sourceTree = BUILT_PRODUCTS_DIR; };
		C41395521A0DB62400E46095 /* Info.plist */ = {isa = PBXFileReference; lastKnownFileType = text.plist.xml; path = Info.plist; sourceTree = "<group>"; };
		C41395531A0DB62400E46095 /* main.m */ = {isa = PBXFileReference; lastKnownFileType = sourcecode.c.objc; path = main.m; sourceTree = "<group>"; };
		C41395551A0DB62400E46095 /* AppDelegate.h */ = {isa = PBXFileReference; lastKnownFileType = sourcecode.c.h; path = AppDelegate.h; sourceTree = "<group>"; };
		C41395561A0DB62400E46095 /* AppDelegate.m */ = {isa = PBXFileReference; lastKnownFileType = sourcecode.c.objc; path = AppDelegate.m; sourceTree = "<group>"; };
		C41395581A0DB62400E46095 /* FirstViewController.h */ = {isa = PBXFileReference; lastKnownFileType = sourcecode.c.h; path = FirstViewController.h; sourceTree = "<group>"; };
		C41395591A0DB62400E46095 /* FirstViewController.m */ = {isa = PBXFileReference; lastKnownFileType = sourcecode.c.objc; path = FirstViewController.m; sourceTree = "<group>"; };
		C413955F1A0DB62400E46095 /* Base */ = {isa = PBXFileReference; lastKnownFileType = file.storyboard; name = Base; path = Base.lproj/Main.storyboard; sourceTree = "<group>"; };
		C41395611A0DB62400E46095 /* Images.xcassets */ = {isa = PBXFileReference; lastKnownFileType = folder.assetcatalog; path = Images.xcassets; sourceTree = "<group>"; };
		C41395641A0DB62400E46095 /* Base */ = {isa = PBXFileReference; lastKnownFileType = file.xib; name = Base; path = Base.lproj/LaunchScreen.xib; sourceTree = "<group>"; };
		C413956A1A0DB62400E46095 /* UW_HW6_mefifeTests.xctest */ = {isa = PBXFileReference; explicitFileType = wrapper.cfbundle; includeInIndex = 0; path = UW_HW6_mefifeTests.xctest; sourceTree = BUILT_PRODUCTS_DIR; };
		C413956F1A0DB62400E46095 /* Info.plist */ = {isa = PBXFileReference; lastKnownFileType = text.plist.xml; path = Info.plist; sourceTree = "<group>"; };
		C41395701A0DB62400E46095 /* UW_HW6_mefifeTests.m */ = {isa = PBXFileReference; lastKnownFileType = sourcecode.c.objc; path = UW_HW6_mefifeTests.m; sourceTree = "<group>"; };
		C455CD261A0FEF2100DDBDF1 /* MEFTableViewController.h */ = {isa = PBXFileReference; fileEncoding = 4; lastKnownFileType = sourcecode.c.h; path = MEFTableViewController.h; sourceTree = "<group>"; };
		C455CD271A0FEF2100DDBDF1 /* MEFTableViewController.m */ = {isa = PBXFileReference; fileEncoding = 4; lastKnownFileType = sourcecode.c.objc; path = MEFTableViewController.m; sourceTree = "<group>"; };
		C455CD291A101A0D00DDBDF1 /* MEFCollectionView.h */ = {isa = PBXFileReference; fileEncoding = 4; lastKnownFileType = sourcecode.c.h; path = MEFCollectionView.h; sourceTree = "<group>"; };
		C455CD2A1A101A0D00DDBDF1 /* MEFCollectionView.m */ = {isa = PBXFileReference; fileEncoding = 4; lastKnownFileType = sourcecode.c.objc; path = MEFCollectionView.m; sourceTree = "<group>"; };
/* End PBXFileReference section */

/* Begin PBXFrameworksBuildPhase section */
		C413954B1A0DB62400E46095 /* Frameworks */ = {
			isa = PBXFrameworksBuildPhase;
			buildActionMask = 2147483647;
			files = (
			);
			runOnlyForDeploymentPostprocessing = 0;
		};
		C41395671A0DB62400E46095 /* Frameworks */ = {
			isa = PBXFrameworksBuildPhase;
			buildActionMask = 2147483647;
			files = (
			);
			runOnlyForDeploymentPostprocessing = 0;
		};
/* End PBXFrameworksBuildPhase section */

/* Begin PBXGroup section */
		C41395451A0DB62400E46095 = {
			isa = PBXGroup;
			children = (
				C41395501A0DB62400E46095 /* UW_HW6_mefife */,
				C413956D1A0DB62400E46095 /* UW_HW6_mefifeTests */,
				C413954F1A0DB62400E46095 /* Products */,
			);
			sourceTree = "<group>";
		};
		C413954F1A0DB62400E46095 /* Products */ = {
			isa = PBXGroup;
			children = (
				C413954E1A0DB62400E46095 /* UW_HW6_mefife.app */,
				C413956A1A0DB62400E46095 /* UW_HW6_mefifeTests.xctest */,
			);
			name = Products;
			sourceTree = "<group>";
		};
		C41395501A0DB62400E46095 /* UW_HW6_mefife */ = {
			isa = PBXGroup;
			children = (
				C41395551A0DB62400E46095 /* AppDelegate.h */,
				C41395561A0DB62400E46095 /* AppDelegate.m */,
				C41395581A0DB62400E46095 /* FirstViewController.h */,
				C41395591A0DB62400E46095 /* FirstViewController.m */,
				C413955E1A0DB62400E46095 /* Main.storyboard */,
				C455CD261A0FEF2100DDBDF1 /* MEFTableViewController.h */,
				C455CD271A0FEF2100DDBDF1 /* MEFTableViewController.m */,
				C455CD291A101A0D00DDBDF1 /* MEFCollectionView.h */,
				C455CD2A1A101A0D00DDBDF1 /* MEFCollectionView.m */,
				C41395611A0DB62400E46095 /* Images.xcassets */,
				C41395631A0DB62400E46095 /* LaunchScreen.xib */,
				C41395511A0DB62400E46095 /* Supporting Files */,
			);
			path = UW_HW6_mefife;
			sourceTree = "<group>";
		};
		C41395511A0DB62400E46095 /* Supporting Files */ = {
			isa = PBXGroup;
			children = (
				C41395521A0DB62400E46095 /* Info.plist */,
				C41395531A0DB62400E46095 /* main.m */,
			);
			name = "Supporting Files";
			sourceTree = "<group>";
		};
		C413956D1A0DB62400E46095 /* UW_HW6_mefifeTests */ = {
			isa = PBXGroup;
			children = (
				C41395701A0DB62400E46095 /* UW_HW6_mefifeTests.m */,
				C413956E1A0DB62400E46095 /* Supporting Files */,
			);
			path = UW_HW6_mefifeTests;
			sourceTree = "<group>";
		};
		C413956E1A0DB62400E46095 /* Supporting Files */ = {
			isa = PBXGroup;
			children = (
				C413956F1A0DB62400E46095 /* Info.plist */,
			);
			name = "Supporting Files";
			sourceTree = "<group>";
		};
/* End PBXGroup section */

/* Begin PBXNativeTarget section */
		C413954D1A0DB62400E46095 /* UW_HW6_mefife */ = {
			isa = PBXNativeTarget;
			buildConfigurationList = C41395741A0DB62400E46095 /* Build configuration list for PBXNativeTarget "UW_HW6_mefife" */;
			buildPhases = (
				C413954A1A0DB62400E46095 /* Sources */,
				C413954B1A0DB62400E46095 /* Frameworks */,
				C413954C1A0DB62400E46095 /* Resources */,
			);
			buildRules = (
			);
			dependencies = (
			);
			name = UW_HW6_mefife;
			productName = UW_HW6_mefife;
			productReference = C413954E1A0DB62400E46095 /* UW_HW6_mefife.app */;
			productType = "com.apple.product-type.application";
		};
		C41395691A0DB62400E46095 /* UW_HW6_mefifeTests */ = {
			isa = PBXNativeTarget;
			buildConfigurationList = C41395771A0DB62400E46095 /* Build configuration list for PBXNativeTarget "UW_HW6_mefifeTests" */;
			buildPhases = (
				C41395661A0DB62400E46095 /* Sources */,
				C41395671A0DB62400E46095 /* Frameworks */,
				C41395681A0DB62400E46095 /* Resources */,
			);
			buildRules = (
			);
			dependencies = (
				C413956C1A0DB62400E46095 /* PBXTargetDependency */,
			);
			name = UW_HW6_mefifeTests;
			productName = UW_HW6_mefifeTests;
			productReference = C413956A1A0DB62400E46095 /* UW_HW6_mefifeTests.xctest */;
			productType = "com.apple.product-type.bundle.unit-test";
		};
/* End PBXNativeTarget section */

/* Begin PBXProject section */
		C41395461A0DB62400E46095 /* Project object */ = {
			isa = PBXProject;
			attributes = {
				LastUpgradeCheck = 0610;
				ORGANIZATIONNAME = "Matthew Fife";
				TargetAttributes = {
					C413954D1A0DB62400E46095 = {
						CreatedOnToolsVersion = 6.1;
					};
					C41395691A0DB62400E46095 = {
						CreatedOnToolsVersion = 6.1;
						TestTargetID = C413954D1A0DB62400E46095;
					};
				};
			};
			buildConfigurationList = C41395491A0DB62400E46095 /* Build configuration list for PBXProject "UW_HW6_mefife" */;
			compatibilityVersion = "Xcode 3.2";
			developmentRegion = English;
			hasScannedForEncodings = 0;
			knownRegions = (
				en,
				Base,
			);
			mainGroup = C41395451A0DB62400E46095;
			productRefGroup = C413954F1A0DB62400E46095 /* Products */;
			projectDirPath = "";
			projectRoot = "";
			targets = (
				C413954D1A0DB62400E46095 /* UW_HW6_mefife */,
				C41395691A0DB62400E46095 /* UW_HW6_mefifeTests */,
			);
		};
/* End PBXProject section */

/* Begin PBXResourcesBuildPhase section */
		C413954C1A0DB62400E46095 /* Resources */ = {
			isa = PBXResourcesBuildPhase;
			buildActionMask = 2147483647;
			files = (
				C41395601A0DB62400E46095 /* Main.storyboard in Resources */,
				C41395651A0DB62400E46095 /* LaunchScreen.xib in Resources */,
				C41395621A0DB62400E46095 /* Images.xcassets in Resources */,
			);
			runOnlyForDeploymentPostprocessing = 0;
		};
		C41395681A0DB62400E46095 /* Resources */ = {
			isa = PBXResourcesBuildPhase;
			buildActionMask = 2147483647;
			files = (
			);
			runOnlyForDeploymentPostprocessing = 0;
		};
/* End PBXResourcesBuildPhase section */

/* Begin PBXSourcesBuildPhase section */
		C413954A1A0DB62400E46095 /* Sources */ = {
			isa = PBXSourcesBuildPhase;
			buildActionMask = 2147483647;
			files = (
				C455CD2B1A101A0D00DDBDF1 /* MEFCollectionView.m in Sources */,
				C41395571A0DB62400E46095 /* AppDelegate.m in Sources */,
				C413955A1A0DB62400E46095 /* FirstViewController.m in Sources */,
				C455CD281A0FEF2100DDBDF1 /* MEFTableViewController.m in Sources */,
				C41395541A0DB62400E46095 /* main.m in Sources */,
			);
			runOnlyForDeploymentPostprocessing = 0;
		};
		C41395661A0DB62400E46095 /* Sources */ = {
			isa = PBXSourcesBuildPhase;
			buildActionMask = 2147483647;
			files = (
				C41395711A0DB62400E46095 /* UW_HW6_mefifeTests.m in Sources */,
			);
			runOnlyForDeploymentPostprocessing = 0;
		};
/* End PBXSourcesBuildPhase section */

/* Begin PBXTargetDependency section */
		C413956C1A0DB62400E46095 /* PBXTargetDependency */ = {
			isa = PBXTargetDependency;
			target = C413954D1A0DB62400E46095 /* UW_HW6_mefife */;
			targetProxy = C413956B1A0DB62400E46095 /* PBXContainerItemProxy */;
		};
/* End PBXTargetDependency section */

/* Begin PBXVariantGroup section */
		C413955E1A0DB62400E46095 /* Main.storyboard */ = {
			isa = PBXVariantGroup;
			children = (
				C413955F1A0DB62400E46095 /* Base */,
			);
			name = Main.storyboard;
			sourceTree = "<group>";
		};
		C41395631A0DB62400E46095 /* LaunchScreen.xib */ = {
			isa = PBXVariantGroup;
			children = (
				C41395641A0DB62400E46095 /* Base */,
			);
			name = LaunchScreen.xib;
			sourceTree = "<group>";
		};
/* End PBXVariantGroup section */

/* Begin XCBuildConfiguration section */
		C41395721A0DB62400E46095 /* Debug */ = {
			isa = XCBuildConfiguration;
			buildSettings = {
				ALWAYS_SEARCH_USER_PATHS = NO;
				CLANG_CXX_LANGUAGE_STANDARD = "gnu++0x";
				CLANG_CXX_LIBRARY = "libc++";
				CLANG_ENABLE_MODULES = YES;
				CLANG_ENABLE_OBJC_ARC = YES;
				CLANG_WARN_BOOL_CONVERSION = YES;
				CLANG_WARN_CONSTANT_CONVERSION = YES;
				CLANG_WARN_DIRECT_OBJC_ISA_USAGE = YES_ERROR;
				CLANG_WARN_EMPTY_BODY = YES;
				CLANG_WARN_ENUM_CONVERSION = YES;
				CLANG_WARN_INT_CONVERSION = YES;
				CLANG_WARN_OBJC_ROOT_CLASS = YES_ERROR;
				CLANG_WARN_UNREACHABLE_CODE = YES;
				CLANG_WARN__DUPLICATE_METHOD_MATCH = YES;
				"CODE_SIGN_IDENTITY[sdk=iphoneos*]" = "iPhone Developer";
				COPY_PHASE_STRIP = NO;
				ENABLE_STRICT_OBJC_MSGSEND = YES;
				GCC_C_LANGUAGE_STANDARD = gnu99;
				GCC_DYNAMIC_NO_PIC = NO;
				GCC_OPTIMIZATION_LEVEL = 0;
				GCC_PREPROCESSOR_DEFINITIONS = (
					"DEBUG=1",
					"$(inherited)",
				);
				GCC_SYMBOLS_PRIVATE_EXTERN = NO;
				GCC_WARN_64_TO_32_BIT_CONVERSION = YES;
				GCC_WARN_ABOUT_RETURN_TYPE = YES_ERROR;
				GCC_WARN_UNDECLARED_SELECTOR = YES;
				GCC_WARN_UNINITIALIZED_AUTOS = YES_AGGRESSIVE;
				GCC_WARN_UNUSED_FUNCTION = YES;
				GCC_WARN_UNUSED_VARIABLE = YES;
				IPHONEOS_DEPLOYMENT_TARGET = 8.1;
				MTL_ENABLE_DEBUG_INFO = YES;
				ONLY_ACTIVE_ARCH = YES;
				SDKROOT = iphoneos;
				TARGETED_DEVICE_FAMILY = "1,2";
			};
			name = Debug;
		};
		C41395731A0DB62400E46095 /* Release */ = {
			isa = XCBuildConfiguration;
			buildSettings = {
				ALWAYS_SEARCH_USER_PATHS = NO;
				CLANG_CXX_LANGUAGE_STANDARD = "gnu++0x";
				CLANG_CXX_LIBRARY = "libc++";
				CLANG_ENABLE_MODULES = YES;
				CLANG_ENABLE_OBJC_ARC = YES;
				CLANG_WARN_BOOL_CONVERSION = YES;
				CLANG_WARN_CONSTANT_CONVERSION = YES;
				CLANG_WARN_DIRECT_OBJC_ISA_USAGE = YES_ERROR;
				CLANG_WARN_EMPTY_BODY = YES;
				CLANG_WARN_ENUM_CONVERSION = YES;
				CLANG_WARN_INT_CONVERSION = YES;
				CLANG_WARN_OBJC_ROOT_CLASS = YES_ERROR;
				CLANG_WARN_UNREACHABLE_CODE = YES;
				CLANG_WARN__DUPLICATE_METHOD_MATCH = YES;
				"CODE_SIGN_IDENTITY[sdk=iphoneos*]" = "iPhone Developer";
				COPY_PHASE_STRIP = YES;
				ENABLE_NS_ASSERTIONS = NO;
				ENABLE_STRICT_OBJC_MSGSEND = YES;
				GCC_C_LANGUAGE_STANDARD = gnu99;
				GCC_WARN_64_TO_32_BIT_CONVERSION = YES;
				GCC_WARN_ABOUT_RETURN_TYPE = YES_ERROR;
				GCC_WARN_UNDECLARED_SELECTOR = YES;
				GCC_WARN_UNINITIALIZED_AUTOS = YES_AGGRESSIVE;
				GCC_WARN_UNUSED_FUNCTION = YES;
				GCC_WARN_UNUSED_VARIABLE = YES;
				IPHONEOS_DEPLOYMENT_TARGET = 8.1;
				MTL_ENABLE_DEBUG_INFO = NO;
				SDKROOT = iphoneos;
				TARGETED_DEVICE_FAMILY = "1,2";
				VALIDATE_PRODUCT = YES;
			};
			name = Release;
		};
		C41395751A0DB62400E46095 /* Debug */ = {
			isa = XCBuildConfiguration;
			buildSettings = {
				ASSETCATALOG_COMPILER_APPICON_NAME = AppIcon;
				INFOPLIST_FILE = UW_HW6_mefife/Info.plist;
				LD_RUNPATH_SEARCH_PATHS = "$(inherited) @executable_path/Frameworks";
				PRODUCT_NAME = "$(TARGET_NAME)";
			};
			name = Debug;
		};
		C41395761A0DB62400E46095 /* Release */ = {
			isa = XCBuildConfiguration;
			buildSettings = {
				ASSETCATALOG_COMPILER_APPICON_NAME = AppIcon;
				INFOPLIST_FILE = UW_HW6_mefife/Info.plist;
				LD_RUNPATH_SEARCH_PATHS = "$(inherited) @executable_path/Frameworks";
				PRODUCT_NAME = "$(TARGET_NAME)";
			};
			name = Release;
		};
		C41395781A0DB62400E46095 /* Debug */ = {
			isa = XCBuildConfiguration;
			buildSettings = {
				BUNDLE_LOADER = "$(TEST_HOST)";
				FRAMEWORK_SEARCH_PATHS = (
					"$(SDKROOT)/Developer/Library/Frameworks",
					"$(inherited)",
				);
				GCC_PREPROCESSOR_DEFINITIONS = (
					"DEBUG=1",
					"$(inherited)",
				);
				INFOPLIST_FILE = UW_HW6_mefifeTests/Info.plist;
				LD_RUNPATH_SEARCH_PATHS = "$(inherited) @executable_path/Frameworks @loader_path/Frameworks";
				PRODUCT_NAME = "$(TARGET_NAME)";
				TEST_HOST = "$(BUILT_PRODUCTS_DIR)/UW_HW6_mefife.app/UW_HW6_mefife";
			};
			name = Debug;
		};
		C41395791A0DB62400E46095 /* Release */ = {
			isa = XCBuildConfiguration;
			buildSettings = {
				BUNDLE_LOADER = "$(TEST_HOST)";
				FRAMEWORK_SEARCH_PATHS = (
					"$(SDKROOT)/Developer/Library/Frameworks",
					"$(inherited)",
				);
				INFOPLIST_FILE = UW_HW6_mefifeTests/Info.plist;
				LD_RUNPATH_SEARCH_PATHS = "$(inherited) @executable_path/Frameworks @loader_path/Frameworks";
				PRODUCT_NAME = "$(TARGET_NAME)";
				TEST_HOST = "$(BUILT_PRODUCTS_DIR)/UW_HW6_mefife.app/UW_HW6_mefife";
			};
			name = Release;
		};
/* End XCBuildConfiguration section */

/* Begin XCConfigurationList section */
		C41395491A0DB62400E46095 /* Build configuration list for PBXProject "UW_HW6_mefife" */ = {
			isa = XCConfigurationList;
			buildConfigurations = (
				C41395721A0DB62400E46095 /* Debug */,
				C41395731A0DB62400E46095 /* Release */,
			);
			defaultConfigurationIsVisible = 0;
			defaultConfigurationName = Release;
		};
		C41395741A0DB62400E46095 /* Build configuration list for PBXNativeTarget "UW_HW6_mefife" */ = {
			isa = XCConfigurationList;
			buildConfigurations = (
				C41395751A0DB62400E46095 /* Debug */,
				C41395761A0DB62400E46095 /* Release */,
			);
			defaultConfigurationIsVisible = 0;
			defaultConfigurationName = Release;
		};
		C41395771A0DB62400E46095 /* Build configuration list for PBXNativeTarget "UW_HW6_mefifeTests" */ = {
			isa = XCConfigurationList;
			buildConfigurations = (
				C41395781A0DB62400E46095 /* Debug */,
				C41395791A0DB62400E46095 /* Release */,
			);
			defaultConfigurationIsVisible = 0;
			defaultConfigurationName = Release;
		};
/* End XCConfigurationList section */
	};
	rootObject = C41395461A0DB62400E46095 /* Project object */;
}
